// !$*UTF8*$!
{
	archiveVersion = 1;
	classes = {
	};
	objectVersion = 56;
	objects = {

/* Begin PBXBuildFile section */
		07C2F8EC2BA4E90A0052FD4E /* AppDelegate.swift in Sources */ = {isa = PBXBuildFile; fileRef = 07C2F8EB2BA4E90A0052FD4E /* AppDelegate.swift */; };
		07C2F8EE2BA4E90A0052FD4E /* SceneDelegate.swift in Sources */ = {isa = PBXBuildFile; fileRef = 07C2F8ED2BA4E90A0052FD4E /* SceneDelegate.swift */; };
		07C2F8F02BA4E90A0052FD4E /* CountryViewController.swift in Sources */ = {isa = PBXBuildFile; fileRef = 07C2F8EF2BA4E90A0052FD4E /* CountryViewController.swift */; };
		07C2F8F32BA4E90A0052FD4E /* Main.storyboard in Resources */ = {isa = PBXBuildFile; fileRef = 07C2F8F12BA4E90A0052FD4E /* Main.storyboard */; };
		07C2F8F52BA4E90C0052FD4E /* Assets.xcassets in Resources */ = {isa = PBXBuildFile; fileRef = 07C2F8F42BA4E90C0052FD4E /* Assets.xcassets */; };
		07C2F8F82BA4E90C0052FD4E /* LaunchScreen.storyboard in Resources */ = {isa = PBXBuildFile; fileRef = 07C2F8F62BA4E90C0052FD4E /* LaunchScreen.storyboard */; };
		07C2F9002BA4EAD40052FD4E /* Model.swift in Sources */ = {isa = PBXBuildFile; fileRef = 07C2F8FF2BA4EAD40052FD4E /* Model.swift */; };
		07C2F9022BA4F0340052FD4E /* NetworkService.swift in Sources */ = {isa = PBXBuildFile; fileRef = 07C2F9012BA4F0340052FD4E /* NetworkService.swift */; };
		07C2F9052BA8949D0052FD4E /* Alamofire in Frameworks */ = {isa = PBXBuildFile; productRef = 07C2F9042BA8949D0052FD4E /* Alamofire */; };
		07C2F9072BA8949D0052FD4E /* AlamofireDynamic in Frameworks */ = {isa = PBXBuildFile; productRef = 07C2F9062BA8949D0052FD4E /* AlamofireDynamic */; };
		07C2F9092BA903C70052FD4E /* CountryViewModel.swift in Sources */ = {isa = PBXBuildFile; fileRef = 07C2F9082BA903C70052FD4E /* CountryViewModel.swift */; };
		07C2F90C2BA92F740052FD4E /* CustomCountryCell.swift in Sources */ = {isa = PBXBuildFile; fileRef = 07C2F90A2BA92F740052FD4E /* CustomCountryCell.swift */; };
		07C2F90D2BA92F740052FD4E /* CustomCountryCell.xib in Resources */ = {isa = PBXBuildFile; fileRef = 07C2F90B2BA92F740052FD4E /* CustomCountryCell.xib */; };
		07C2F90F2BA93B3C0052FD4E /* CountryDetailsViewController.swift in Sources */ = {isa = PBXBuildFile; fileRef = 07C2F90E2BA93B3C0052FD4E /* CountryDetailsViewController.swift */; };
		07C2F9122BA94F080052FD4E /* SDWebImage in Frameworks */ = {isa = PBXBuildFile; productRef = 07C2F9112BA94F080052FD4E /* SDWebImage */; };
		07C2F9142BA94F080052FD4E /* SDWebImageMapKit in Frameworks */ = {isa = PBXBuildFile; productRef = 07C2F9132BA94F080052FD4E /* SDWebImageMapKit */; };
/* End PBXBuildFile section */

/* Begin PBXFileReference section */
		07C2F8E82BA4E90A0052FD4E /* Countries.app */ = {isa = PBXFileReference; explicitFileType = wrapper.application; includeInIndex = 0; path = Countries.app; sourceTree = BUILT_PRODUCTS_DIR; };
		07C2F8EB2BA4E90A0052FD4E /* AppDelegate.swift */ = {isa = PBXFileReference; lastKnownFileType = sourcecode.swift; path = AppDelegate.swift; sourceTree = "<group>"; };
		07C2F8ED2BA4E90A0052FD4E /* SceneDelegate.swift */ = {isa = PBXFileReference; lastKnownFileType = sourcecode.swift; path = SceneDelegate.swift; sourceTree = "<group>"; };
		07C2F8EF2BA4E90A0052FD4E /* CountryViewController.swift */ = {isa = PBXFileReference; lastKnownFileType = sourcecode.swift; path = CountryViewController.swift; sourceTree = "<group>"; };
		07C2F8F22BA4E90A0052FD4E /* Base */ = {isa = PBXFileReference; lastKnownFileType = file.storyboard; name = Base; path = Base.lproj/Main.storyboard; sourceTree = "<group>"; };
		07C2F8F42BA4E90C0052FD4E /* Assets.xcassets */ = {isa = PBXFileReference; lastKnownFileType = folder.assetcatalog; path = Assets.xcassets; sourceTree = "<group>"; };
		07C2F8F72BA4E90C0052FD4E /* Base */ = {isa = PBXFileReference; lastKnownFileType = file.storyboard; name = Base; path = Base.lproj/LaunchScreen.storyboard; sourceTree = "<group>"; };
		07C2F8F92BA4E90C0052FD4E /* Info.plist */ = {isa = PBXFileReference; lastKnownFileType = text.plist.xml; path = Info.plist; sourceTree = "<group>"; };
		07C2F8FF2BA4EAD40052FD4E /* Model.swift */ = {isa = PBXFileReference; lastKnownFileType = sourcecode.swift; path = Model.swift; sourceTree = "<group>"; };
		07C2F9012BA4F0340052FD4E /* NetworkService.swift */ = {isa = PBXFileReference; lastKnownFileType = sourcecode.swift; path = NetworkService.swift; sourceTree = "<group>"; };
		07C2F9082BA903C70052FD4E /* CountryViewModel.swift */ = {isa = PBXFileReference; lastKnownFileType = sourcecode.swift; path = CountryViewModel.swift; sourceTree = "<group>"; };
		07C2F90A2BA92F740052FD4E /* CustomCountryCell.swift */ = {isa = PBXFileReference; lastKnownFileType = sourcecode.swift; path = CustomCountryCell.swift; sourceTree = "<group>"; };
		07C2F90B2BA92F740052FD4E /* CustomCountryCell.xib */ = {isa = PBXFileReference; lastKnownFileType = file.xib; path = CustomCountryCell.xib; sourceTree = "<group>"; };
		07C2F90E2BA93B3C0052FD4E /* CountryDetailsViewController.swift */ = {isa = PBXFileReference; lastKnownFileType = sourcecode.swift; path = CountryDetailsViewController.swift; sourceTree = "<group>"; };
/* End PBXFileReference section */

/* Begin PBXFrameworksBuildPhase section */
		07C2F8E52BA4E90A0052FD4E /* Frameworks */ = {
			isa = PBXFrameworksBuildPhase;
			buildActionMask = 2147483647;
			files = (
				07C2F9122BA94F080052FD4E /* SDWebImage in Frameworks */,
				07C2F9052BA8949D0052FD4E /* Alamofire in Frameworks */,
				07C2F9142BA94F080052FD4E /* SDWebImageMapKit in Frameworks */,
				07C2F9072BA8949D0052FD4E /* AlamofireDynamic in Frameworks */,
			);
			runOnlyForDeploymentPostprocessing = 0;
		};
/* End PBXFrameworksBuildPhase section */

/* Begin PBXGroup section */
		07C2F8DF2BA4E90A0052FD4E = {
			isa = PBXGroup;
			children = (
				07C2F8EA2BA4E90A0052FD4E /* Countries */,
				07C2F8E92BA4E90A0052FD4E /* Products */,
			);
			sourceTree = "<group>";
		};
		07C2F8E92BA4E90A0052FD4E /* Products */ = {
			isa = PBXGroup;
			children = (
				07C2F8E82BA4E90A0052FD4E /* Countries.app */,
			);
			name = Products;
			sourceTree = "<group>";
		};
		07C2F8EA2BA4E90A0052FD4E /* Countries */ = {
			isa = PBXGroup;
			children = (
				07C2F8EB2BA4E90A0052FD4E /* AppDelegate.swift */,
				07C2F8ED2BA4E90A0052FD4E /* SceneDelegate.swift */,
				07C2F8EF2BA4E90A0052FD4E /* CountryViewController.swift */,
				07C2F8F12BA4E90A0052FD4E /* Main.storyboard */,
				07C2F8F42BA4E90C0052FD4E /* Assets.xcassets */,
				07C2F8F62BA4E90C0052FD4E /* LaunchScreen.storyboard */,
				07C2F8F92BA4E90C0052FD4E /* Info.plist */,
				07C2F8FF2BA4EAD40052FD4E /* Model.swift */,
				07C2F9012BA4F0340052FD4E /* NetworkService.swift */,
				07C2F9082BA903C70052FD4E /* CountryViewModel.swift */,
				07C2F90A2BA92F740052FD4E /* CustomCountryCell.swift */,
				07C2F90B2BA92F740052FD4E /* CustomCountryCell.xib */,
				07C2F90E2BA93B3C0052FD4E /* CountryDetailsViewController.swift */,
			);
			path = Countries;
			sourceTree = "<group>";
		};
/* End PBXGroup section */

/* Begin PBXNativeTarget section */
		07C2F8E72BA4E90A0052FD4E /* Countries */ = {
			isa = PBXNativeTarget;
			buildConfigurationList = 07C2F8FC2BA4E90C0052FD4E /* Build configuration list for PBXNativeTarget "Countries" */;
			buildPhases = (
				07C2F8E42BA4E90A0052FD4E /* Sources */,
				07C2F8E52BA4E90A0052FD4E /* Frameworks */,
				07C2F8E62BA4E90A0052FD4E /* Resources */,
			);
			buildRules = (
			);
			dependencies = (
			);
			name = Countries;
			packageProductDependencies = (
				07C2F9042BA8949D0052FD4E /* Alamofire */,
				07C2F9062BA8949D0052FD4E /* AlamofireDynamic */,
				07C2F9112BA94F080052FD4E /* SDWebImage */,
				07C2F9132BA94F080052FD4E /* SDWebImageMapKit */,
			);
			productName = Countries;
			productReference = 07C2F8E82BA4E90A0052FD4E /* Countries.app */;
			productType = "com.apple.product-type.application";
		};
/* End PBXNativeTarget section */

/* Begin PBXProject section */
		07C2F8E02BA4E90A0052FD4E /* Project object */ = {
			isa = PBXProject;
			attributes = {
				BuildIndependentTargetsInParallel = 1;
				LastSwiftUpdateCheck = 1500;
				LastUpgradeCheck = 1500;
				TargetAttributes = {
					07C2F8E72BA4E90A0052FD4E = {
						CreatedOnToolsVersion = 15.0;
					};
				};
			};
			buildConfigurationList = 07C2F8E32BA4E90A0052FD4E /* Build configuration list for PBXProject "Countries" */;
			compatibilityVersion = "Xcode 14.0";
			developmentRegion = en;
			hasScannedForEncodings = 0;
			knownRegions = (
				en,
				Base,
			);
			mainGroup = 07C2F8DF2BA4E90A0052FD4E;
			packageReferences = (
				07C2F9032BA8949D0052FD4E /* XCRemoteSwiftPackageReference "Alamofire" */,
				07C2F9102BA94F080052FD4E /* XCRemoteSwiftPackageReference "SDWebImage" */,
			);
			productRefGroup = 07C2F8E92BA4E90A0052FD4E /* Products */;
			projectDirPath = "";
			projectRoot = "";
			targets = (
				07C2F8E72BA4E90A0052FD4E /* Countries */,
			);
		};
/* End PBXProject section */

/* Begin PBXResourcesBuildPhase section */
		07C2F8E62BA4E90A0052FD4E /* Resources */ = {
			isa = PBXResourcesBuildPhase;
			buildActionMask = 2147483647;
			files = (
				07C2F8F82BA4E90C0052FD4E /* LaunchScreen.storyboard in Resources */,
				07C2F90D2BA92F740052FD4E /* CustomCountryCell.xib in Resources */,
				07C2F8F52BA4E90C0052FD4E /* Assets.xcassets in Resources */,
				07C2F8F32BA4E90A0052FD4E /* Main.storyboard in Resources */,
			);
			runOnlyForDeploymentPostprocessing = 0;
		};
/* End PBXResourcesBuildPhase section */

/* Begin PBXSourcesBuildPhase section */
		07C2F8E42BA4E90A0052FD4E /* Sources */ = {
			isa = PBXSourcesBuildPhase;
			buildActionMask = 2147483647;
			files = (
				07C2F9022BA4F0340052FD4E /* NetworkService.swift in Sources */,
				07C2F8F02BA4E90A0052FD4E /* CountryViewController.swift in Sources */,
				07C2F8EC2BA4E90A0052FD4E /* AppDelegate.swift in Sources */,
				07C2F9092BA903C70052FD4E /* CountryViewModel.swift in Sources */,
				07C2F8EE2BA4E90A0052FD4E /* SceneDelegate.swift in Sources */,
				07C2F90C2BA92F740052FD4E /* CustomCountryCell.swift in Sources */,
				07C2F90F2BA93B3C0052FD4E /* CountryDetailsViewController.swift in Sources */,
				07C2F9002BA4EAD40052FD4E /* Model.swift in Sources */,
			);
			runOnlyForDeploymentPostprocessing = 0;
		};
/* End PBXSourcesBuildPhase section */

/* Begin PBXVariantGroup section */
		07C2F8F12BA4E90A0052FD4E /* Main.storyboard */ = {
			isa = PBXVariantGroup;
			children = (
				07C2F8F22BA4E90A0052FD4E /* Base */,
			);
			name = Main.storyboard;
			sourceTree = "<group>";
		};
		07C2F8F62BA4E90C0052FD4E /* LaunchScreen.storyboard */ = {
			isa = PBXVariantGroup;
			children = (
				07C2F8F72BA4E90C0052FD4E /* Base */,
			);
			name = LaunchScreen.storyboard;
			sourceTree = "<group>";
		};
/* End PBXVariantGroup section */

/* Begin XCBuildConfiguration section */
		07C2F8FA2BA4E90C0052FD4E /* Debug */ = {
			isa = XCBuildConfiguration;
			buildSettings = {
				ALWAYS_SEARCH_USER_PATHS = NO;
				ASSETCATALOG_COMPILER_GENERATE_SWIFT_ASSET_SYMBOL_EXTENSIONS = YES;
				CLANG_ANALYZER_NONNULL = YES;
				CLANG_ANALYZER_NUMBER_OBJECT_CONVERSION = YES_AGGRESSIVE;
				CLANG_CXX_LANGUAGE_STANDARD = "gnu++20";
				CLANG_ENABLE_MODULES = YES;
				CLANG_ENABLE_OBJC_ARC = YES;
				CLANG_ENABLE_OBJC_WEAK = YES;
				CLANG_WARN_BLOCK_CAPTURE_AUTORELEASING = YES;
				CLANG_WARN_BOOL_CONVERSION = YES;
				CLANG_WARN_COMMA = YES;
				CLANG_WARN_CONSTANT_CONVERSION = YES;
				CLANG_WARN_DEPRECATED_OBJC_IMPLEMENTATIONS = YES;
				CLANG_WARN_DIRECT_OBJC_ISA_USAGE = YES_ERROR;
				CLANG_WARN_DOCUMENTATION_COMMENTS = YES;
				CLANG_WARN_EMPTY_BODY = YES;
				CLANG_WARN_ENUM_CONVERSION = YES;
				CLANG_WARN_INFINITE_RECURSION = YES;
				CLANG_WARN_INT_CONVERSION = YES;
				CLANG_WARN_NON_LITERAL_NULL_CONVERSION = YES;
				CLANG_WARN_OBJC_IMPLICIT_RETAIN_SELF = YES;
				CLANG_WARN_OBJC_LITERAL_CONVERSION = YES;
				CLANG_WARN_OBJC_ROOT_CLASS = YES_ERROR;
				CLANG_WARN_QUOTED_INCLUDE_IN_FRAMEWORK_HEADER = YES;
				CLANG_WARN_RANGE_LOOP_ANALYSIS = YES;
				CLANG_WARN_STRICT_PROTOTYPES = YES;
				CLANG_WARN_SUSPICIOUS_MOVE = YES;
				CLANG_WARN_UNGUARDED_AVAILABILITY = YES_AGGRESSIVE;
				CLANG_WARN_UNREACHABLE_CODE = YES;
				CLANG_WARN__DUPLICATE_METHOD_MATCH = YES;
				COPY_PHASE_STRIP = NO;
				DEBUG_INFORMATION_FORMAT = dwarf;
				ENABLE_STRICT_OBJC_MSGSEND = YES;
				ENABLE_TESTABILITY = YES;
				ENABLE_USER_SCRIPT_SANDBOXING = YES;
				GCC_C_LANGUAGE_STANDARD = gnu17;
				GCC_DYNAMIC_NO_PIC = NO;
				GCC_NO_COMMON_BLOCKS = YES;
				GCC_OPTIMIZATION_LEVEL = 0;
				GCC_PREPROCESSOR_DEFINITIONS = (
					"DEBUG=1",
					"$(inherited)",
				);
				GCC_WARN_64_TO_32_BIT_CONVERSION = YES;
				GCC_WARN_ABOUT_RETURN_TYPE = YES_ERROR;
				GCC_WARN_UNDECLARED_SELECTOR = YES;
				GCC_WARN_UNINITIALIZED_AUTOS = YES_AGGRESSIVE;
				GCC_WARN_UNUSED_FUNCTION = YES;
				GCC_WARN_UNUSED_VARIABLE = YES;
				IPHONEOS_DEPLOYMENT_TARGET = 17.0;
				LOCALIZATION_PREFERS_STRING_CATALOGS = YES;
				MTL_ENABLE_DEBUG_INFO = INCLUDE_SOURCE;
				MTL_FAST_MATH = YES;
				ONLY_ACTIVE_ARCH = YES;
				SDKROOT = iphoneos;
				SWIFT_ACTIVE_COMPILATION_CONDITIONS = "DEBUG $(inherited)";
				SWIFT_OPTIMIZATION_LEVEL = "-Onone";
			};
			name = Debug;
		};
		07C2F8FB2BA4E90C0052FD4E /* Release */ = {
			isa = XCBuildConfiguration;
			buildSettings = {
				ALWAYS_SEARCH_USER_PATHS = NO;
				ASSETCATALOG_COMPILER_GENERATE_SWIFT_ASSET_SYMBOL_EXTENSIONS = YES;
				CLANG_ANALYZER_NONNULL = YES;
				CLANG_ANALYZER_NUMBER_OBJECT_CONVERSION = YES_AGGRESSIVE;
				CLANG_CXX_LANGUAGE_STANDARD = "gnu++20";
				CLANG_ENABLE_MODULES = YES;
				CLANG_ENABLE_OBJC_ARC = YES;
				CLANG_ENABLE_OBJC_WEAK = YES;
				CLANG_WARN_BLOCK_CAPTURE_AUTORELEASING = YES;
				CLANG_WARN_BOOL_CONVERSION = YES;
				CLANG_WARN_COMMA = YES;
				CLANG_WARN_CONSTANT_CONVERSION = YES;
				CLANG_WARN_DEPRECATED_OBJC_IMPLEMENTATIONS = YES;
				CLANG_WARN_DIRECT_OBJC_ISA_USAGE = YES_ERROR;
				CLANG_WARN_DOCUMENTATION_COMMENTS = YES;
				CLANG_WARN_EMPTY_BODY = YES;
				CLANG_WARN_ENUM_CONVERSION = YES;
				CLANG_WARN_INFINITE_RECURSION = YES;
				CLANG_WARN_INT_CONVERSION = YES;
				CLANG_WARN_NON_LITERAL_NULL_CONVERSION = YES;
				CLANG_WARN_OBJC_IMPLICIT_RETAIN_SELF = YES;
				CLANG_WARN_OBJC_LITERAL_CONVERSION = YES;
				CLANG_WARN_OBJC_ROOT_CLASS = YES_ERROR;
				CLANG_WARN_QUOTED_INCLUDE_IN_FRAMEWORK_HEADER = YES;
				CLANG_WARN_RANGE_LOOP_ANALYSIS = YES;
				CLANG_WARN_STRICT_PROTOTYPES = YES;
				CLANG_WARN_SUSPICIOUS_MOVE = YES;
				CLANG_WARN_UNGUARDED_AVAILABILITY = YES_AGGRESSIVE;
				CLANG_WARN_UNREACHABLE_CODE = YES;
				CLANG_WARN__DUPLICATE_METHOD_MATCH = YES;
				COPY_PHASE_STRIP = NO;
				DEBUG_INFORMATION_FORMAT = "dwarf-with-dsym";
				ENABLE_NS_ASSERTIONS = NO;
				ENABLE_STRICT_OBJC_MSGSEND = YES;
				ENABLE_USER_SCRIPT_SANDBOXING = YES;
				GCC_C_LANGUAGE_STANDARD = gnu17;
				GCC_NO_COMMON_BLOCKS = YES;
				GCC_WARN_64_TO_32_BIT_CONVERSION = YES;
				GCC_WARN_ABOUT_RETURN_TYPE = YES_ERROR;
				GCC_WARN_UNDECLARED_SELECTOR = YES;
				GCC_WARN_UNINITIALIZED_AUTOS = YES_AGGRESSIVE;
				GCC_WARN_UNUSED_FUNCTION = YES;
				GCC_WARN_UNUSED_VARIABLE = YES;
				IPHONEOS_DEPLOYMENT_TARGET = 17.0;
				LOCALIZATION_PREFERS_STRING_CATALOGS = YES;
				MTL_ENABLE_DEBUG_INFO = NO;
				MTL_FAST_MATH = YES;
				SDKROOT = iphoneos;
				SWIFT_COMPILATION_MODE = wholemodule;
				VALIDATE_PRODUCT = YES;
			};
			name = Release;
		};
		07C2F8FD2BA4E90C0052FD4E /* Debug */ = {
			isa = XCBuildConfiguration;
			buildSettings = {
				ASSETCATALOG_COMPILER_APPICON_NAME = AppIcon;
				ASSETCATALOG_COMPILER_GLOBAL_ACCENT_COLOR_NAME = AccentColor;
				CODE_SIGN_STYLE = Automatic;
				CURRENT_PROJECT_VERSION = 1;
				GENERATE_INFOPLIST_FILE = YES;
				INFOPLIST_FILE = Countries/Info.plist;
				INFOPLIST_KEY_UIApplicationSupportsIndirectInputEvents = YES;
				INFOPLIST_KEY_UILaunchStoryboardName = LaunchScreen;
				INFOPLIST_KEY_UIMainStoryboardFile = Main;
				INFOPLIST_KEY_UISupportedInterfaceOrientations_iPad = "UIInterfaceOrientationPortrait UIInterfaceOrientationPortraitUpsideDown UIInterfaceOrientationLandscapeLeft UIInterfaceOrientationLandscapeRight";
				INFOPLIST_KEY_UISupportedInterfaceOrientations_iPhone = "UIInterfaceOrientationPortrait UIInterfaceOrientationLandscapeLeft UIInterfaceOrientationLandscapeRight";
				LD_RUNPATH_SEARCH_PATHS = (
					"$(inherited)",
					"@executable_path/Frameworks",
				);
				MARKETING_VERSION = 1.0;
				PRODUCT_BUNDLE_IDENTIFIER = omarsalem.Countries;
				PRODUCT_NAME = "$(TARGET_NAME)";
				SWIFT_EMIT_LOC_STRINGS = YES;
				SWIFT_VERSION = 5.0;
				TARGETED_DEVICE_FAMILY = "1,2";
			};
			name = Debug;
		};
		07C2F8FE2BA4E90C0052FD4E /* Release */ = {
			isa = XCBuildConfiguration;
			buildSettings = {
				ASSETCATALOG_COMPILER_APPICON_NAME = AppIcon;
				ASSETCATALOG_COMPILER_GLOBAL_ACCENT_COLOR_NAME = AccentColor;
				CODE_SIGN_STYLE = Automatic;
				CURRENT_PROJECT_VERSION = 1;
				GENERATE_INFOPLIST_FILE = YES;
				INFOPLIST_FILE = Countries/Info.plist;
				INFOPLIST_KEY_UIApplicationSupportsIndirectInputEvents = YES;
				INFOPLIST_KEY_UILaunchStoryboardName = LaunchScreen;
				INFOPLIST_KEY_UIMainStoryboardFile = Main;
				INFOPLIST_KEY_UISupportedInterfaceOrientations_iPad = "UIInterfaceOrientationPortrait UIInterfaceOrientationPortraitUpsideDown UIInterfaceOrientationLandscapeLeft UIInterfaceOrientationLandscapeRight";
				INFOPLIST_KEY_UISupportedInterfaceOrientations_iPhone = "UIInterfaceOrientationPortrait UIInterfaceOrientationLandscapeLeft UIInterfaceOrientationLandscapeRight";
				LD_RUNPATH_SEARCH_PATHS = (
					"$(inherited)",
					"@executable_path/Frameworks",
				);
				MARKETING_VERSION = 1.0;
				PRODUCT_BUNDLE_IDENTIFIER = omarsalem.Countries;
				PRODUCT_NAME = "$(TARGET_NAME)";
				SWIFT_EMIT_LOC_STRINGS = YES;
				SWIFT_VERSION = 5.0;
				TARGETED_DEVICE_FAMILY = "1,2";
			};
			name = Release;
		};
/* End XCBuildConfiguration section */

/* Begin XCConfigurationList section */
		07C2F8E32BA4E90A0052FD4E /* Build configuration list for PBXProject "Countries" */ = {
			isa = XCConfigurationList;
			buildConfigurations = (
				07C2F8FA2BA4E90C0052FD4E /* Debug */,
				07C2F8FB2BA4E90C0052FD4E /* Release */,
			);
			defaultConfigurationIsVisible = 0;
			defaultConfigurationName = Release;
		};
		07C2F8FC2BA4E90C0052FD4E /* Build configuration list for PBXNativeTarget "Countries" */ = {
			isa = XCConfigurationList;
			buildConfigurations = (
				07C2F8FD2BA4E90C0052FD4E /* Debug */,
				07C2F8FE2BA4E90C0052FD4E /* Release */,
			);
			defaultConfigurationIsVisible = 0;
			defaultConfigurationName = Release;
		};
/* End XCConfigurationList section */

/* Begin XCRemoteSwiftPackageReference section */
		07C2F9032BA8949D0052FD4E /* XCRemoteSwiftPackageReference "Alamofire" */ = {
			isa = XCRemoteSwiftPackageReference;
			repositoryURL = "https://github.com/Alamofire/Alamofire.git";
			requirement = {
				kind = upToNextMajorVersion;
				minimumVersion = 5.9.0;
			};
		};
		07C2F9102BA94F080052FD4E /* XCRemoteSwiftPackageReference "SDWebImage" */ = {
			isa = XCRemoteSwiftPackageReference;
			repositoryURL = "https://github.com/SDWebImage/SDWebImage.git";
			requirement = {
				kind = upToNextMajorVersion;
				minimumVersion = 5.19.0;
			};
		};
/* End XCRemoteSwiftPackageReference section */

/* Begin XCSwiftPackageProductDependency section */
		07C2F9042BA8949D0052FD4E /* Alamofire */ = {
			isa = XCSwiftPackageProductDependency;
			package = 07C2F9032BA8949D0052FD4E /* XCRemoteSwiftPackageReference "Alamofire" */;
			productName = Alamofire;
		};
		07C2F9062BA8949D0052FD4E /* AlamofireDynamic */ = {
			isa = XCSwiftPackageProductDependency;
			package = 07C2F9032BA8949D0052FD4E /* XCRemoteSwiftPackageReference "Alamofire" */;
			productName = AlamofireDynamic;
		};
		07C2F9112BA94F080052FD4E /* SDWebImage */ = {
			isa = XCSwiftPackageProductDependency;
			package = 07C2F9102BA94F080052FD4E /* XCRemoteSwiftPackageReference "SDWebImage" */;
			productName = SDWebImage;
		};
		07C2F9132BA94F080052FD4E /* SDWebImageMapKit */ = {
			isa = XCSwiftPackageProductDependency;
			package = 07C2F9102BA94F080052FD4E /* XCRemoteSwiftPackageReference "SDWebImage" */;
			productName = SDWebImageMapKit;
		};
/* End XCSwiftPackageProductDependency section */
	};
	rootObject = 07C2F8E02BA4E90A0052FD4E /* Project object */;
}
